
Microsoft Visual Studio Solution File, Format Version 12.00
# Visual Studio 2013
VisualStudioVersion = 12.0.31101.0
MinimumVisualStudioVersion = 10.0.40219.1
Project("{FAE04EC0-301F-11D3-BF4B-00C04F79EFBC}") = "PartitionManagement2014", "PartitionManagement\PartitionManagement2014.csproj", "{1BE0E539-3459-4C57-AB49-F3FD5750212A}"
EndProject
Project("{FAE04EC0-301F-11D3-BF4B-00C04F79EFBC}") = "PartitionManagement2012", "PartitionManagement2012\PartitionManagement2012.csproj", "{8F71C899-5374-477D-A307-FBC7C20EF62A}"
EndProject
Global
	GlobalSection(SolutionConfigurationPlatforms) = preSolution
		Debug|Any CPU = Debug|Any CPU
		Release|Any CPU = Release|Any CPU
	EndGlobalSection
	GlobalSection(ProjectConfigurationPlatforms) = postSolution
		{1BE0E539-3459-4C57-AB49-F3FD5750212A}.Debug|Any CPU.ActiveCfg = Release|Any CPU
		{1BE0E539-3459-4C57-AB49-F3FD5750212A}.Debug|Any CPU.Build.0 = Release|Any CPU
		{1BE0E539-3459-4C57-AB49-F3FD5750212A}.Release|Any CPU.ActiveCfg = Release|Any CPU
		{1BE0E539-3459-4C57-AB49-F3FD5750212A}.Release|Any CPU.Build.0 = Release|Any CPU
		{8F71C899-5374-477D-A307-FBC7C20EF62A}.Debug|Any CPU.ActiveCfg = Debug|Any CPU
		{8F71C899-5374-477D-A307-FBC7C20EF62A}.Debug|Any CPU.Build.0 = Debug|Any CPU
		{8F71C899-5374-477D-A307-FBC7C20EF62A}.Release|Any CPU.ActiveCfg = Release|Any CPU
		{8F71C899-5374-477D-A307-FBC7C20EF62A}.Release|Any CPU.Build.0 = Release|Any CPU
	EndGlobalSection
	GlobalSection(SolutionProperties) = preSolution
		HideSolutionNode = FALSE
	EndGlobalSection
EndGlobal
